- id: ev-d396a076aafc7628
  project_slug: hillock
  url: https://github.com/roandejager/Hillock
  title: Hillock
  published_at: '2026-08-30T18:10:46Z'
  collected_at: '2026-08-31T00:37:17Z'
  source_kind: adoption
  tier: behavioural
  fact: Local neuro-symbolic memory engine in <1.2GB VRAM
- id: ev-857aa730fbf57067
  project_slug: hillock
  url: https://github.com/roandejager/Hillock
  title: Hillock
  published_at: '2026-08-30T18:10:46Z'
  collected_at: '2026-08-31T17:38:26Z'
  source_kind: adoption
  tier: behavioural
  fact: Local neuro-symbolic memory engine in <1.2GB VRAM
- id: ev-092b75fd32207926
  project_slug: hillock
  url: https://en.wikipedia.org/wiki/Hillock
  title: Hillock - Wikipedia
  published_at: ''
  collected_at: '2026-08-31T18:33:34Z'
  source_kind: pain
  tier: independent
  fact: Hillock Look up hillock in Wiktionary, the free dictionary. A hillock or knoll is a small hill,
    [1] usually separated from a larger group of hills such as a range. Hillocks are similar in their
    distribution and size to small mesas or buttes.
- id: ev-6f59d06d1eebc14e
  project_slug: hillock
  url: https://www.merriam-webster.com/dictionary/hillock
  title: HILLOCK Definition & Meaning - Merriam-Webster
  published_at: ''
  collected_at: '2026-08-31T18:33:34Z'
  source_kind: pain
  tier: independent
  fact: The meaning of HILLOCK is a small hill. Below me lie a sprawl of rust and ochre hillocks, undulating
    all the way to the horizon. Priyanka Mattoo, Condé Nast Traveler, 2 July 2026 Take, for example, a
    bowl of artichoke purée poured around a hillock of tender Jonah crab. Helen Rosner, New Yorker, 11
    Jan. 2026 Terrazzo slabs of terrine with good brown bread and a hillock of cornichons. The Bon ...
- id: ev-80e510a83cb8a07c
  project_slug: hillock
  url: https://www.wordplays.com/crossword-solver/hillock
  title: hillock Crossword Clue - Wordplays.com
  published_at: ''
  collected_at: '2026-08-31T18:33:34Z'
  source_kind: pain
  tier: independent
  fact: Answers for hillock crossword clue, 4 letters. Search for crossword clues found in the Daily Celebrity,
    NY Times, Daily Mirror, Telegraph and major publications. Find clues for hillock or most any crossword
    answer or clues for crossword answers.
- id: ev-3379ef45e163c235
  project_slug: hillock
  url: https://en.wikipedia.org/wiki/Hillock
  title: Hillock - Wikipedia
  published_at: ''
  collected_at: '2026-08-31T18:33:34Z'
  source_kind: workaround
  tier: independent
  fact: Hillock Look up hillock in Wiktionary, the free dictionary. A hillock or knoll is a small hill,
    [1] usually separated from a larger group of hills such as a range. Hillocks are similar in their
    distribution and size to small mesas or buttes.
- id: ev-de161e3e8998bd11
  project_slug: hillock
  url: https://www.merriam-webster.com/dictionary/hillock
  title: HILLOCK Definition & Meaning - Merriam-Webster
  published_at: ''
  collected_at: '2026-08-31T18:33:34Z'
  source_kind: workaround
  tier: independent
  fact: The meaning of HILLOCK is a small hill. Below me lie a sprawl of rust and ochre hillocks, undulating
    all the way to the horizon. Priyanka Mattoo, Condé Nast Traveler, 2 July 2026 Take, for example, a
    bowl of artichoke purée poured around a hillock of tender Jonah crab. Helen Rosner, New Yorker, 11
    Jan. 2026 Terrazzo slabs of terrine with good brown bread and a hillock of cornichons. The Bon ...
- id: ev-76ecadda3b6ab36a
  project_slug: hillock
  url: https://www.wordplays.com/crossword-solver/hillock
  title: hillock Crossword Clue - Wordplays.com
  published_at: ''
  collected_at: '2026-08-31T18:33:34Z'
  source_kind: workaround
  tier: independent
  fact: Answers for hillock crossword clue, 4 letters. Search for crossword clues found in the Daily Celebrity,
    NY Times, Daily Mirror, Telegraph and major publications. Find clues for hillock or most any crossword
    answer or clues for crossword answers.
- id: ev-fb798cf1802b969b
  project_slug: hillock
  url: https://en.wikipedia.org/wiki/Hillock
  title: Hillock - Wikipedia
  published_at: ''
  collected_at: '2026-08-31T18:33:34Z'
  source_kind: customer_case
  tier: independent
  fact: Hillock Look up hillock in Wiktionary, the free dictionary. A hillock or knoll is a small hill,
    [1] usually separated from a larger group of hills such as a range. Hillocks are similar in their
    distribution and size to small mesas or buttes.
- id: ev-54e2f06b55463ce1
  project_slug: hillock
  url: https://www.merriam-webster.com/dictionary/hillock
  title: HILLOCK Definition & Meaning - Merriam-Webster
  published_at: ''
  collected_at: '2026-08-31T18:33:34Z'
  source_kind: customer_case
  tier: independent
  fact: The meaning of HILLOCK is a small hill. Below me lie a sprawl of rust and ochre hillocks, undulating
    all the way to the horizon. Priyanka Mattoo, Condé Nast Traveler, 2 July 2026 Take, for example, a
    bowl of artichoke purée poured around a hillock of tender Jonah crab. Helen Rosner, New Yorker, 11
    Jan. 2026 Terrazzo slabs of terrine with good brown bread and a hillock of cornichons. The Bon ...
- id: ev-382105eed52452c1
  project_slug: hillock
  url: https://www.wordplays.com/crossword-solver/hillock
  title: hillock Crossword Clue - Wordplays.com
  published_at: ''
  collected_at: '2026-08-31T18:33:34Z'
  source_kind: customer_case
  tier: independent
  fact: Answers for hillock crossword clue, 4 letters. Search for crossword clues found in the Daily Celebrity,
    NY Times, Daily Mirror, Telegraph and major publications. Find clues for hillock or most any crossword
    answer or clues for crossword answers.
- id: ev-157556ec68971cf7
  project_slug: hillock
  url: https://en.wikipedia.org/wiki/Hillock
  title: Hillock - Wikipedia
  published_at: ''
  collected_at: '2026-08-31T18:33:34Z'
  source_kind: pricing
  tier: independent
  fact: Hillock Look up hillock in Wiktionary, the free dictionary. A hillock or knoll is a small hill,
    [1] usually separated from a larger group of hills such as a range. Hillocks are similar in their
    distribution and size to small mesas or buttes.
- id: ev-8d53c7f15421b1af
  project_slug: hillock
  url: https://www.merriam-webster.com/dictionary/hillock
  title: HILLOCK Definition & Meaning - Merriam-Webster
  published_at: ''
  collected_at: '2026-08-31T18:33:34Z'
  source_kind: pricing
  tier: independent
  fact: The meaning of HILLOCK is a small hill. Below me lie a sprawl of rust and ochre hillocks, undulating
    all the way to the horizon. Priyanka Mattoo, Condé Nast Traveler, 2 July 2026 Take, for example, a
    bowl of artichoke purée poured around a hillock of tender Jonah crab. Helen Rosner, New Yorker, 11
    Jan. 2026 Terrazzo slabs of terrine with good brown bread and a hillock of cornichons. The Bon ...
- id: ev-089a2f3768155c7f
  project_slug: hillock
  url: https://www.wordplays.com/crossword-solver/hillock
  title: hillock Crossword Clue - Wordplays.com
  published_at: ''
  collected_at: '2026-08-31T18:33:34Z'
  source_kind: pricing
  tier: independent
  fact: Answers for hillock crossword clue, 4 letters. Search for crossword clues found in the Daily Celebrity,
    NY Times, Daily Mirror, Telegraph and major publications. Find clues for hillock or most any crossword
    answer or clues for crossword answers.
- id: ev-4c38d196bad420bc
  project_slug: hillock
  url: https://en.wikipedia.org/wiki/Hillock
  title: Hillock - Wikipedia
  published_at: ''
  collected_at: '2026-08-31T18:33:34Z'
  source_kind: retention
  tier: independent
  fact: Hillock Look up hillock in Wiktionary, the free dictionary. A hillock or knoll is a small hill,
    [1] usually separated from a larger group of hills such as a range. Hillocks are similar in their
    distribution and size to small mesas or buttes.
- id: ev-dfa0ebd439a9a06e
  project_slug: hillock
  url: https://www.merriam-webster.com/dictionary/hillock
  title: HILLOCK Definition & Meaning - Merriam-Webster
  published_at: ''
  collected_at: '2026-08-31T18:33:34Z'
  source_kind: retention
  tier: independent
  fact: The meaning of HILLOCK is a small hill. Below me lie a sprawl of rust and ochre hillocks, undulating
    all the way to the horizon. Priyanka Mattoo, Condé Nast Traveler, 2 July 2026 Take, for example, a
    bowl of artichoke purée poured around a hillock of tender Jonah crab. Helen Rosner, New Yorker, 11
    Jan. 2026 Terrazzo slabs of terrine with good brown bread and a hillock of cornichons. The Bon ...
- id: ev-8c79af3e96237123
  project_slug: hillock
  url: https://www.wordplays.com/crossword-solver/hillock
  title: hillock Crossword Clue - Wordplays.com
  published_at: ''
  collected_at: '2026-08-31T18:33:34Z'
  source_kind: retention
  tier: independent
  fact: Answers for hillock crossword clue, 4 letters. Search for crossword clues found in the Daily Celebrity,
    NY Times, Daily Mirror, Telegraph and major publications. Find clues for hillock or most any crossword
    answer or clues for crossword answers.
- id: ev-34def2ad3574785c
  project_slug: hillock
  url: https://www.bing.com/search?format=rss&q=AI+%E8%BD%AF%E4%BB%B6%E5%BC%80%E5%8F%91+AI+%E5%B7%A5%E7%A8%8B%E5%B8%88+%E6%9C%BA%E5%99%A8%E5%AD%A6%E4%B9%A0%E5%B7%A5%E7%A8%8B%E5%B8%88
  title: Public market coverage query
  published_at: ''
  collected_at: '2026-08-31T18:35:21Z'
  source_kind: market_comparison
  tier: independent
  fact: 'Public-material coverage query for zh: AI 软件开发 AI 工程师 机器学习工程师'
