- id: ev-d396a076aafc7628
  project_slug: hillock
  url: https://github.com/roandejager/Hillock
  title: Hillock
  published_at: '2026-08-30T18:10:46Z'
  collected_at: '2026-08-31T00:37:17Z'
  source_kind: adoption
  tier: behavioural
  fact: Local neuro-symbolic memory engine in <1.2GB VRAM
- id: ev-857aa730fbf57067
  project_slug: hillock
  url: https://github.com/roandejager/Hillock
  title: Hillock
  published_at: '2026-08-30T18:10:46Z'
  collected_at: '2026-08-31T17:38:26Z'
  source_kind: adoption
  tier: behavioural
  fact: Local neuro-symbolic memory engine in <1.2GB VRAM
