- id: ev-686b57ac39a1c16f
  project_slug: i-turned-my-backyard-into-a-nature-documentary-with-a-flock
  url: https://news.google.com/rss/articles/CBMiYkFVX3lxTE5SaGNmdTV4N0hEd3dkbXY0dWhWQlB0N2xwbU1nOExXd3h3cUN5R1k0RU1jRkc5bVpfVWs3eXBfdlJGVjdUbllJNi0yajdNanM4S3pGLWNHczV1WVFIbkMwN3R3?oc=5
  title: I Turned My Backyard Into a Nature Documentary With a Flock of Smart Bird Feeders
  published_at: '2026-09-13T11:00:00Z'
  collected_at: '2026-09-16T00:21:13Z'
  source_kind: pain
  tier: independent
  fact: I Turned My Backyard Into a Nature Documentary With a Flock of Smart Bird Feeders WIRED
