- id: ev-aa8a940f0a5f9c84
  project_slug: npunlock
  url: https://github.com/hsfzxjy/npunlock
  title: Npunlock
  published_at: '2026-09-22T12:58:02Z'
  collected_at: '2026-09-24T00:30:46Z'
  source_kind: adoption
  tier: behavioural
  fact: Run custom C kernels for Intel NPUs
- id: ev-f7d2f106f60fcb2b
  project_slug: npunlock
  url: https://www.bing.com/search?format=rss&q=AI
  title: Public market coverage query
  published_at: ''
  collected_at: '2026-09-24T00:58:34Z'
  source_kind: market_comparison
  tier: independent
  fact: 'Public-material coverage query for zh: AI'
