- project_slug: hillock
  market: English-language market
  ecosystem: en
  observed_at: '2026-08-31T00:37:17Z'
  supply_status: emerging
  demand_status: early_signal
  coverage: 已覆盖的英文生态公开项目发布与开发者讨论。
  evidence_ids:
  - ev-d396a076aafc7628
- project_slug: hillock
  market: English-language market
  ecosystem: en
  observed_at: '2026-08-31T17:38:26Z'
  supply_status: emerging
  demand_status: early_signal
  coverage: 已覆盖的英文生态公开项目发布与开发者讨论。
  evidence_ids:
  - ev-857aa730fbf57067
- project_slug: hillock
  market: CN
  ecosystem: zh
  observed_at: '2026-09-01T12:00:00Z'
  supply_status: not_found_in_covered_sources
  demand_status: unknown
  coverage: 中文生态相关行业与具体工作的公开资料覆盖；检索日期 2026-09-01。未发现仅限该覆盖范围。
  evidence_ids:
  - ev-34def2ad3574785c
- project_slug: hillock
  market: English-language market
  ecosystem: en
  observed_at: '2026-09-01T01:18:10Z'
  supply_status: emerging
  demand_status: early_signal
  coverage: 已覆盖的英文生态公开项目发布与开发者讨论。
  evidence_ids:
  - ev-d364757167858734
